
Microsoft Visual Studio Solution File, Format Version 12.00
Project("{FAE04EC0-301F-11D3-BF4B-00C04F79EFBC}") = "Swiftly.Parsers.ProductInfo.Executable", "src\Swiftly.Parsers.ProductInfo.Executable\Swiftly.Parsers.ProductInfo.Executable.csproj", "{1B2C34A8-8C0B-42F8-8996-D1CEEC4AF2CE}"
EndProject
Project("{FAE04EC0-301F-11D3-BF4B-00C04F79EFBC}") = "Swiftly.Parsers.ProductInfo", "src\Swiftly.Parsers.ProductInfo\Swiftly.Parsers.ProductInfo.csproj", "{7D5DECC7-F741-41BC-994D-33E464B532B3}"
EndProject
Project("{FAE04EC0-301F-11D3-BF4B-00C04F79EFBC}") = "Swiftly.Parsers.ProductInfo.Tests", "src\Swiftly.Parsers.ProductInfo.Tests\Swiftly.Parsers.ProductInfo.Tests.csproj", "{FDA1737E-0473-4D3B-8A8E-DB773290FE41}"
EndProject
Global
	GlobalSection(SolutionConfigurationPlatforms) = preSolution
		Debug|Any CPU = Debug|Any CPU
		Release|Any CPU = Release|Any CPU
	EndGlobalSection
	GlobalSection(ProjectConfigurationPlatforms) = postSolution
		{1B2C34A8-8C0B-42F8-8996-D1CEEC4AF2CE}.Debug|Any CPU.ActiveCfg = Debug|Any CPU
		{1B2C34A8-8C0B-42F8-8996-D1CEEC4AF2CE}.Debug|Any CPU.Build.0 = Debug|Any CPU
		{1B2C34A8-8C0B-42F8-8996-D1CEEC4AF2CE}.Release|Any CPU.ActiveCfg = Release|Any CPU
		{1B2C34A8-8C0B-42F8-8996-D1CEEC4AF2CE}.Release|Any CPU.Build.0 = Release|Any CPU
		{7D5DECC7-F741-41BC-994D-33E464B532B3}.Debug|Any CPU.ActiveCfg = Debug|Any CPU
		{7D5DECC7-F741-41BC-994D-33E464B532B3}.Debug|Any CPU.Build.0 = Debug|Any CPU
		{7D5DECC7-F741-41BC-994D-33E464B532B3}.Release|Any CPU.ActiveCfg = Release|Any CPU
		{7D5DECC7-F741-41BC-994D-33E464B532B3}.Release|Any CPU.Build.0 = Release|Any CPU
		{FDA1737E-0473-4D3B-8A8E-DB773290FE41}.Debug|Any CPU.ActiveCfg = Debug|Any CPU
		{FDA1737E-0473-4D3B-8A8E-DB773290FE41}.Debug|Any CPU.Build.0 = Debug|Any CPU
		{FDA1737E-0473-4D3B-8A8E-DB773290FE41}.Release|Any CPU.ActiveCfg = Release|Any CPU
		{FDA1737E-0473-4D3B-8A8E-DB773290FE41}.Release|Any CPU.Build.0 = Release|Any CPU
	EndGlobalSection
EndGlobal
